
Microsoft Visual Studio Solution File, Format Version 12.00
Project("{FAE04EC0-301F-11D3-BF4B-00C04F79EFBC}") = "AsynchronousRandoms", "AsynchronousRandoms\AsynchronousRandoms.csproj", "{CA43BACB-E6D3-478D-8A55-AAFEA5EBAB04}"
EndProject
Global
	GlobalSection(SolutionConfigurationPlatforms) = preSolution
		Debug|Any CPU = Debug|Any CPU
		Release|Any CPU = Release|Any CPU
	EndGlobalSection
	GlobalSection(ProjectConfigurationPlatforms) = postSolution
		{CA43BACB-E6D3-478D-8A55-AAFEA5EBAB04}.Debug|Any CPU.ActiveCfg = Debug|Any CPU
		{CA43BACB-E6D3-478D-8A55-AAFEA5EBAB04}.Debug|Any CPU.Build.0 = Debug|Any CPU
		{CA43BACB-E6D3-478D-8A55-AAFEA5EBAB04}.Release|Any CPU.ActiveCfg = Release|Any CPU
		{CA43BACB-E6D3-478D-8A55-AAFEA5EBAB04}.Release|Any CPU.Build.0 = Release|Any CPU
	EndGlobalSection
EndGlobal
